
Microsoft Visual Studio Solution File, Format Version 12.00
# Visual Studio Version 17
VisualStudioVersion = 17.14.36221.1
MinimumVisualStudioVersion = 10.0.40219.1
Project("{FAE04EC0-301F-11D3-BF4B-00C04F79EFBC}") = "SistDist.API.Contas", "SistDist.API.Contas\SistDist.API.Contas.csproj", "{563FF076-9726-44DF-BD8A-358A4EDC2608}"
	ProjectSection(ProjectDependencies) = postProject
		{5C9DB6FA-B0D6-4CDB-B860-62B1D54CD2C6} = {5C9DB6FA-B0D6-4CDB-B860-62B1D54CD2C6}
	EndProjectSection
EndProject
Project("{FAE04EC0-301F-11D3-BF4B-00C04F79EFBC}") = "SistDist.Domain", "SistDist.Domain\SistDist.Domain.csproj", "{5C9DB6FA-B0D6-4CDB-B860-62B1D54CD2C6}"
EndProject
Project("{FAE04EC0-301F-11D3-BF4B-00C04F79EFBC}") = "SistDist.API.Transferencias", "SistDist.API.Transferencias\SistDist.API.Transferencias.csproj", "{0A2A2512-05C6-432A-8A0A-D8EDED7AEFFE}"
EndProject
Global
	GlobalSection(SolutionConfigurationPlatforms) = preSolution
		Debug|Any CPU = Debug|Any CPU
		Release|Any CPU = Release|Any CPU
	EndGlobalSection
	GlobalSection(ProjectConfigurationPlatforms) = postSolution
		{563FF076-9726-44DF-BD8A-358A4EDC2608}.Debug|Any CPU.ActiveCfg = Debug|Any CPU
		{563FF076-9726-44DF-BD8A-358A4EDC2608}.Debug|Any CPU.Build.0 = Debug|Any CPU
		{563FF076-9726-44DF-BD8A-358A4EDC2608}.Release|Any CPU.ActiveCfg = Release|Any CPU
		{563FF076-9726-44DF-BD8A-358A4EDC2608}.Release|Any CPU.Build.0 = Release|Any CPU
		{5C9DB6FA-B0D6-4CDB-B860-62B1D54CD2C6}.Debug|Any CPU.ActiveCfg = Debug|Any CPU
		{5C9DB6FA-B0D6-4CDB-B860-62B1D54CD2C6}.Debug|Any CPU.Build.0 = Debug|Any CPU
		{5C9DB6FA-B0D6-4CDB-B860-62B1D54CD2C6}.Release|Any CPU.ActiveCfg = Release|Any CPU
		{5C9DB6FA-B0D6-4CDB-B860-62B1D54CD2C6}.Release|Any CPU.Build.0 = Release|Any CPU
		{0A2A2512-05C6-432A-8A0A-D8EDED7AEFFE}.Debug|Any CPU.ActiveCfg = Debug|Any CPU
		{0A2A2512-05C6-432A-8A0A-D8EDED7AEFFE}.Debug|Any CPU.Build.0 = Debug|Any CPU
		{0A2A2512-05C6-432A-8A0A-D8EDED7AEFFE}.Release|Any CPU.ActiveCfg = Release|Any CPU
		{0A2A2512-05C6-432A-8A0A-D8EDED7AEFFE}.Release|Any CPU.Build.0 = Release|Any CPU
	EndGlobalSection
	GlobalSection(SolutionProperties) = preSolution
		HideSolutionNode = FALSE
	EndGlobalSection
	GlobalSection(ExtensibilityGlobals) = postSolution
		SolutionGuid = {12BA621C-7718-49CB-AD18-8810E459EB30}
	EndGlobalSection
EndGlobal
